
Microsoft Visual Studio Solution File, Format Version 12.00
# Visual Studio Version 17
VisualStudioVersion = 17.11.35017.193
MinimumVisualStudioVersion = 10.0.40219.1
Project("{FAE04EC0-301F-11D3-BF4B-00C04F79EFBC}") = "DemoWebAPIWithSqlServerInDocker", "DemoWebAPIWithSqlServerInDocker\DemoWebAPIWithSqlServerInDocker.csproj", "{98BD2EB2-6F01-493A-8012-745EDD27831A}"
EndProject
Global
	GlobalSection(SolutionConfigurationPlatforms) = preSolution
		Debug|Any CPU = Debug|Any CPU
		Release|Any CPU = Release|Any CPU
	EndGlobalSection
	GlobalSection(ProjectConfigurationPlatforms) = postSolution
		{98BD2EB2-6F01-493A-8012-745EDD27831A}.Debug|Any CPU.ActiveCfg = Debug|Any CPU
		{98BD2EB2-6F01-493A-8012-745EDD27831A}.Debug|Any CPU.Build.0 = Debug|Any CPU
		{98BD2EB2-6F01-493A-8012-745EDD27831A}.Release|Any CPU.ActiveCfg = Release|Any CPU
		{98BD2EB2-6F01-493A-8012-745EDD27831A}.Release|Any CPU.Build.0 = Release|Any CPU
	EndGlobalSection
	GlobalSection(SolutionProperties) = preSolution
		HideSolutionNode = FALSE
	EndGlobalSection
	GlobalSection(ExtensibilityGlobals) = postSolution
		SolutionGuid = {D482D420-9898-4550-881A-4D4507BDBC63}
	EndGlobalSection
EndGlobal
